
Microsoft Visual Studio Solution File, Format Version 12.00
# Visual Studio 14
VisualStudioVersion = 14.0.25420.1
MinimumVisualStudioVersion = 10.0.40219.1
Project("{2150E333-8FDC-42A3-9474-1A3956D46DE8}") = ".paket", ".paket", "{61F37D2F-EB38-41C2-9B92-A60F22B5A21B}"
	ProjectSection(SolutionItems) = preProject
		paket.dependencies = paket.dependencies
	EndProjectSection
EndProject
Project("{FAE04EC0-301F-11D3-BF4B-00C04F79EFBC}") = "Shifts.Drivers.Contracts", "Shifts.Drivers.Contracts\Shifts.Drivers.Contracts.csproj", "{884D83A8-67DE-42D3-A575-CA99803798A7}"
EndProject
Project("{FAE04EC0-301F-11D3-BF4B-00C04F79EFBC}") = "Shifts.Tests", "Shifts.Tests\Shifts.Tests.csproj", "{067456C0-086C-46A8-B37F-1405717B7BFC}"
EndProject
Project("{FAE04EC0-301F-11D3-BF4B-00C04F79EFBC}") = "Shifts.Drivers.Services", "Shifts.Drivers.Services\Shifts.Drivers.Services.csproj", "{A24FF1AA-E6BD-46C0-88A0-135C9D3428C7}"
EndProject
Project("{FAE04EC0-301F-11D3-BF4B-00C04F79EFBC}") = "Shifts.Drivers.Migrations", "Shifts.Drivers.Migrations\Shifts.Drivers.Migrations.csproj", "{29D281D6-2AFF-4463-9389-5E1952BFC680}"
EndProject
Project("{FAE04EC0-301F-11D3-BF4B-00C04F79EFBC}") = "Shifts.Drivers.WebApi", "Shifts.Drivers.WebApi\Shifts.Drivers.WebApi.csproj", "{52822218-6C4C-4A75-A716-F75A044B7AD3}"
EndProject
Global
	GlobalSection(SolutionConfigurationPlatforms) = preSolution
		Debug|Any CPU = Debug|Any CPU
		Release|Any CPU = Release|Any CPU
	EndGlobalSection
	GlobalSection(ProjectConfigurationPlatforms) = postSolution
		{884D83A8-67DE-42D3-A575-CA99803798A7}.Debug|Any CPU.ActiveCfg = Debug|Any CPU
		{884D83A8-67DE-42D3-A575-CA99803798A7}.Debug|Any CPU.Build.0 = Debug|Any CPU
		{884D83A8-67DE-42D3-A575-CA99803798A7}.Release|Any CPU.ActiveCfg = Release|Any CPU
		{884D83A8-67DE-42D3-A575-CA99803798A7}.Release|Any CPU.Build.0 = Release|Any CPU
		{067456C0-086C-46A8-B37F-1405717B7BFC}.Debug|Any CPU.ActiveCfg = Debug|Any CPU
		{067456C0-086C-46A8-B37F-1405717B7BFC}.Debug|Any CPU.Build.0 = Debug|Any CPU
		{067456C0-086C-46A8-B37F-1405717B7BFC}.Release|Any CPU.ActiveCfg = Release|Any CPU
		{067456C0-086C-46A8-B37F-1405717B7BFC}.Release|Any CPU.Build.0 = Release|Any CPU
		{A24FF1AA-E6BD-46C0-88A0-135C9D3428C7}.Debug|Any CPU.ActiveCfg = Debug|Any CPU
		{A24FF1AA-E6BD-46C0-88A0-135C9D3428C7}.Debug|Any CPU.Build.0 = Debug|Any CPU
		{A24FF1AA-E6BD-46C0-88A0-135C9D3428C7}.Release|Any CPU.ActiveCfg = Release|Any CPU
		{A24FF1AA-E6BD-46C0-88A0-135C9D3428C7}.Release|Any CPU.Build.0 = Release|Any CPU
		{29D281D6-2AFF-4463-9389-5E1952BFC680}.Debug|Any CPU.ActiveCfg = Debug|Any CPU
		{29D281D6-2AFF-4463-9389-5E1952BFC680}.Debug|Any CPU.Build.0 = Debug|Any CPU
		{29D281D6-2AFF-4463-9389-5E1952BFC680}.Release|Any CPU.ActiveCfg = Release|Any CPU
		{29D281D6-2AFF-4463-9389-5E1952BFC680}.Release|Any CPU.Build.0 = Release|Any CPU
		{52822218-6C4C-4A75-A716-F75A044B7AD3}.Debug|Any CPU.ActiveCfg = Debug|Any CPU
		{52822218-6C4C-4A75-A716-F75A044B7AD3}.Debug|Any CPU.Build.0 = Debug|Any CPU
		{52822218-6C4C-4A75-A716-F75A044B7AD3}.Release|Any CPU.ActiveCfg = Release|Any CPU
		{52822218-6C4C-4A75-A716-F75A044B7AD3}.Release|Any CPU.Build.0 = Release|Any CPU
	EndGlobalSection
	GlobalSection(SolutionProperties) = preSolution
		HideSolutionNode = FALSE
	EndGlobalSection
EndGlobal
