
Microsoft Visual Studio Solution File, Format Version 12.00
# Visual Studio 14
VisualStudioVersion = 14.0.25420.1
MinimumVisualStudioVersion = 10.0.40219.1
Project("{2150E333-8FDC-42A3-9474-1A3956D46DE8}") = ".paket", ".paket", "{61F37D2F-EB38-41C2-9B92-A60F22B5A21B}"
	ProjectSection(SolutionItems) = preProject
		paket.dependencies = paket.dependencies
	EndProjectSection
EndProject
Project("{FAE04EC0-301F-11D3-BF4B-00C04F79EFBC}") = "Shifts.Drivers.Contracts", "Shifts.Drivers.Contracts\Shifts.Drivers.Contracts.csproj", "{884D83A8-67DE-42D3-A575-CA99803798A7}"
EndProject
Project("{FAE04EC0-301F-11D3-BF4B-00C04F79EFBC}") = "Shifts.Tests", "Shifts.Tests\Shifts.Tests.csproj", "{067456C0-086C-46A8-B37F-1405717B7BFC}"
EndProject
Project("{FAE04EC0-301F-11D3-BF4B-00C04F79EFBC}") = "Shifts.Drivers.Services", "Shifts.Drivers.Services\Shifts.Drivers.Services.csproj", "{A24FF1AA-E6BD-46C0-88A0-135C9D3428C7}"
EndProject
Project("{FAE04EC0-301F-11D3-BF4B-00C04F79EFBC}") = "Shifts.Drivers.Migrations", "Shifts.Drivers.Migrations\Shifts.Drivers.Migrations.csproj", "{29D281D6-2AFF-4463-9389-5E1952BFC680}"
EndProject
Project("{FAE04EC0-301F-11D3-BF4B-00C04F79EFBC}") = "Shifts.Cars.Service.Web", "Shifts.Cars.Service.Web\Shifts.Cars.Service.Web.csproj", "{69A646FD-C392-41FD-896B-EB4E4070D4E8}"
EndProject
Project("{FAE04EC0-301F-11D3-BF4B-00C04F79EFBC}") = "Shifts.Cars.Web.Lib", "Shifts.Cars.Web.Lib\Shifts.Cars.Web.Lib.csproj", "{77981314-27A4-465F-87AA-22A8806119FF}"
EndProject
Project("{FAE04EC0-301F-11D3-BF4B-00C04F79EFBC}") = "Shifts.Cars.Contracts", "Shifts.Cars.Contracts\Shifts.Cars.Contracts.csproj", "{A70BDFEA-8CA5-48FD-A44B-9268FB48CDD4}"
EndProject
Project("{2150E333-8FDC-42A3-9474-1A3956D46DE8}") = "Cars", "Cars", "{145EC23C-FC7D-490C-83E0-B4C22DEF34A5}"
EndProject
Project("{2150E333-8FDC-42A3-9474-1A3956D46DE8}") = "Drivers", "Drivers", "{5BE414FE-F2A3-49E4-B134-4BA66BDD9010}"
EndProject
Project("{FAE04EC0-301F-11D3-BF4B-00C04F79EFBC}") = "Shifts.Drivers.Service.Web", "Shifts.Drivers.Service.Web\Shifts.Drivers.Service.Web.csproj", "{E6B6C47B-DDAA-4F22-9D14-A5A66DAC143E}"
EndProject
Project("{FAE04EC0-301F-11D3-BF4B-00C04F79EFBC}") = "Shifts.Drivers.Web.Lib", "Shifts.Drivers.Web.Lib\Shifts.Drivers.Web.Lib.csproj", "{B0318591-C668-4B3F-ADAE-15FE5B339D63}"
EndProject
Project("{FAE04EC0-301F-11D3-BF4B-00C04F79EFBC}") = "Shifts.Services", "Shifts.Services\Shifts.Services.csproj", "{34EA1536-01E7-499D-889F-7252DBD7C543}"
EndProject
Project("{FAE04EC0-301F-11D3-BF4B-00C04F79EFBC}") = "Shifts.MainWeb", "Shifts.MainWeb\Shifts.MainWeb.csproj", "{3B80AA62-87B5-4BF7-83A5-6A1E69052269}"
EndProject
Project("{FAE04EC0-301F-11D3-BF4B-00C04F79EFBC}") = "Shifts.Web", "Shifts.Web\Shifts.Web.csproj", "{564C7FC3-D4C4-46CD-BE1C-003A2C15B85C}"
EndProject
Global
	GlobalSection(SolutionConfigurationPlatforms) = preSolution
		Debug|Any CPU = Debug|Any CPU
		Release|Any CPU = Release|Any CPU
	EndGlobalSection
	GlobalSection(ProjectConfigurationPlatforms) = postSolution
		{884D83A8-67DE-42D3-A575-CA99803798A7}.Debug|Any CPU.ActiveCfg = Debug|Any CPU
		{884D83A8-67DE-42D3-A575-CA99803798A7}.Debug|Any CPU.Build.0 = Debug|Any CPU
		{884D83A8-67DE-42D3-A575-CA99803798A7}.Release|Any CPU.ActiveCfg = Release|Any CPU
		{884D83A8-67DE-42D3-A575-CA99803798A7}.Release|Any CPU.Build.0 = Release|Any CPU
		{067456C0-086C-46A8-B37F-1405717B7BFC}.Debug|Any CPU.ActiveCfg = Debug|Any CPU
		{067456C0-086C-46A8-B37F-1405717B7BFC}.Debug|Any CPU.Build.0 = Debug|Any CPU
		{067456C0-086C-46A8-B37F-1405717B7BFC}.Release|Any CPU.ActiveCfg = Release|Any CPU
		{067456C0-086C-46A8-B37F-1405717B7BFC}.Release|Any CPU.Build.0 = Release|Any CPU
		{A24FF1AA-E6BD-46C0-88A0-135C9D3428C7}.Debug|Any CPU.ActiveCfg = Debug|Any CPU
		{A24FF1AA-E6BD-46C0-88A0-135C9D3428C7}.Debug|Any CPU.Build.0 = Debug|Any CPU
		{A24FF1AA-E6BD-46C0-88A0-135C9D3428C7}.Release|Any CPU.ActiveCfg = Release|Any CPU
		{A24FF1AA-E6BD-46C0-88A0-135C9D3428C7}.Release|Any CPU.Build.0 = Release|Any CPU
		{29D281D6-2AFF-4463-9389-5E1952BFC680}.Debug|Any CPU.ActiveCfg = Debug|Any CPU
		{29D281D6-2AFF-4463-9389-5E1952BFC680}.Debug|Any CPU.Build.0 = Debug|Any CPU
		{29D281D6-2AFF-4463-9389-5E1952BFC680}.Release|Any CPU.ActiveCfg = Release|Any CPU
		{29D281D6-2AFF-4463-9389-5E1952BFC680}.Release|Any CPU.Build.0 = Release|Any CPU
		{69A646FD-C392-41FD-896B-EB4E4070D4E8}.Debug|Any CPU.ActiveCfg = Debug|Any CPU
		{69A646FD-C392-41FD-896B-EB4E4070D4E8}.Debug|Any CPU.Build.0 = Debug|Any CPU
		{69A646FD-C392-41FD-896B-EB4E4070D4E8}.Release|Any CPU.ActiveCfg = Release|Any CPU
		{69A646FD-C392-41FD-896B-EB4E4070D4E8}.Release|Any CPU.Build.0 = Release|Any CPU
		{77981314-27A4-465F-87AA-22A8806119FF}.Debug|Any CPU.ActiveCfg = Debug|Any CPU
		{77981314-27A4-465F-87AA-22A8806119FF}.Debug|Any CPU.Build.0 = Debug|Any CPU
		{77981314-27A4-465F-87AA-22A8806119FF}.Release|Any CPU.ActiveCfg = Release|Any CPU
		{77981314-27A4-465F-87AA-22A8806119FF}.Release|Any CPU.Build.0 = Release|Any CPU
		{A70BDFEA-8CA5-48FD-A44B-9268FB48CDD4}.Debug|Any CPU.ActiveCfg = Debug|Any CPU
		{A70BDFEA-8CA5-48FD-A44B-9268FB48CDD4}.Debug|Any CPU.Build.0 = Debug|Any CPU
		{A70BDFEA-8CA5-48FD-A44B-9268FB48CDD4}.Release|Any CPU.ActiveCfg = Release|Any CPU
		{A70BDFEA-8CA5-48FD-A44B-9268FB48CDD4}.Release|Any CPU.Build.0 = Release|Any CPU
		{E6B6C47B-DDAA-4F22-9D14-A5A66DAC143E}.Debug|Any CPU.ActiveCfg = Debug|Any CPU
		{E6B6C47B-DDAA-4F22-9D14-A5A66DAC143E}.Debug|Any CPU.Build.0 = Debug|Any CPU
		{E6B6C47B-DDAA-4F22-9D14-A5A66DAC143E}.Release|Any CPU.ActiveCfg = Release|Any CPU
		{E6B6C47B-DDAA-4F22-9D14-A5A66DAC143E}.Release|Any CPU.Build.0 = Release|Any CPU
		{B0318591-C668-4B3F-ADAE-15FE5B339D63}.Debug|Any CPU.ActiveCfg = Debug|Any CPU
		{B0318591-C668-4B3F-ADAE-15FE5B339D63}.Debug|Any CPU.Build.0 = Debug|Any CPU
		{B0318591-C668-4B3F-ADAE-15FE5B339D63}.Release|Any CPU.ActiveCfg = Release|Any CPU
		{B0318591-C668-4B3F-ADAE-15FE5B339D63}.Release|Any CPU.Build.0 = Release|Any CPU
		{34EA1536-01E7-499D-889F-7252DBD7C543}.Debug|Any CPU.ActiveCfg = Debug|Any CPU
		{34EA1536-01E7-499D-889F-7252DBD7C543}.Debug|Any CPU.Build.0 = Debug|Any CPU
		{34EA1536-01E7-499D-889F-7252DBD7C543}.Release|Any CPU.ActiveCfg = Release|Any CPU
		{34EA1536-01E7-499D-889F-7252DBD7C543}.Release|Any CPU.Build.0 = Release|Any CPU
		{3B80AA62-87B5-4BF7-83A5-6A1E69052269}.Debug|Any CPU.ActiveCfg = Debug|Any CPU
		{3B80AA62-87B5-4BF7-83A5-6A1E69052269}.Debug|Any CPU.Build.0 = Debug|Any CPU
		{3B80AA62-87B5-4BF7-83A5-6A1E69052269}.Release|Any CPU.ActiveCfg = Release|Any CPU
		{3B80AA62-87B5-4BF7-83A5-6A1E69052269}.Release|Any CPU.Build.0 = Release|Any CPU
		{564C7FC3-D4C4-46CD-BE1C-003A2C15B85C}.Debug|Any CPU.ActiveCfg = Debug|Any CPU
		{564C7FC3-D4C4-46CD-BE1C-003A2C15B85C}.Debug|Any CPU.Build.0 = Debug|Any CPU
		{564C7FC3-D4C4-46CD-BE1C-003A2C15B85C}.Release|Any CPU.ActiveCfg = Release|Any CPU
		{564C7FC3-D4C4-46CD-BE1C-003A2C15B85C}.Release|Any CPU.Build.0 = Release|Any CPU
	EndGlobalSection
	GlobalSection(SolutionProperties) = preSolution
		HideSolutionNode = FALSE
	EndGlobalSection
	GlobalSection(NestedProjects) = preSolution
		{884D83A8-67DE-42D3-A575-CA99803798A7} = {5BE414FE-F2A3-49E4-B134-4BA66BDD9010}
		{A24FF1AA-E6BD-46C0-88A0-135C9D3428C7} = {5BE414FE-F2A3-49E4-B134-4BA66BDD9010}
		{29D281D6-2AFF-4463-9389-5E1952BFC680} = {5BE414FE-F2A3-49E4-B134-4BA66BDD9010}
		{69A646FD-C392-41FD-896B-EB4E4070D4E8} = {145EC23C-FC7D-490C-83E0-B4C22DEF34A5}
		{77981314-27A4-465F-87AA-22A8806119FF} = {145EC23C-FC7D-490C-83E0-B4C22DEF34A5}
		{A70BDFEA-8CA5-48FD-A44B-9268FB48CDD4} = {145EC23C-FC7D-490C-83E0-B4C22DEF34A5}
		{E6B6C47B-DDAA-4F22-9D14-A5A66DAC143E} = {5BE414FE-F2A3-49E4-B134-4BA66BDD9010}
		{B0318591-C668-4B3F-ADAE-15FE5B339D63} = {5BE414FE-F2A3-49E4-B134-4BA66BDD9010}
	EndGlobalSection
EndGlobal
